
Microsoft Visual Studio Solution File, Format Version 12.00
# Visual Studio Version 16
VisualStudioVersion = 16.0.29009.5
MinimumVisualStudioVersion = 10.0.40219.1
Project("{FAE04EC0-301F-11D3-BF4B-00C04F79EFBC}") = "instaLiker", "instaLiker.csproj", "{BC69D871-EA79-4FD1-ABF9-57B263AF0F0B}"
EndProject
Global
	GlobalSection(SolutionConfigurationPlatforms) = preSolution
		Debug|Any CPU = Debug|Any CPU
		Debug|x64 = Debug|x64
		instaLiker_2.0.0|Any CPU = instaLiker_2.0.0|Any CPU
		instaLiker_2.0.0|x64 = instaLiker_2.0.0|x64
		Release|Any CPU = Release|Any CPU
		Release|x64 = Release|x64
	EndGlobalSection
	GlobalSection(ProjectConfigurationPlatforms) = postSolution
		{BC69D871-EA79-4FD1-ABF9-57B263AF0F0B}.Debug|Any CPU.ActiveCfg = Debug|Any CPU
		{BC69D871-EA79-4FD1-ABF9-57B263AF0F0B}.Debug|Any CPU.Build.0 = Debug|Any CPU
		{BC69D871-EA79-4FD1-ABF9-57B263AF0F0B}.Debug|x64.ActiveCfg = Debug|x64
		{BC69D871-EA79-4FD1-ABF9-57B263AF0F0B}.Debug|x64.Build.0 = Debug|x64
		{BC69D871-EA79-4FD1-ABF9-57B263AF0F0B}.instaLiker_2.0.0|Any CPU.ActiveCfg = instaLiker_2.0.0|Any CPU
		{BC69D871-EA79-4FD1-ABF9-57B263AF0F0B}.instaLiker_2.0.0|Any CPU.Build.0 = instaLiker_2.0.0|Any CPU
		{BC69D871-EA79-4FD1-ABF9-57B263AF0F0B}.instaLiker_2.0.0|x64.ActiveCfg = instaLiker_2.0.0|x64
		{BC69D871-EA79-4FD1-ABF9-57B263AF0F0B}.instaLiker_2.0.0|x64.Build.0 = instaLiker_2.0.0|x64
		{BC69D871-EA79-4FD1-ABF9-57B263AF0F0B}.Release|Any CPU.ActiveCfg = Release|Any CPU
		{BC69D871-EA79-4FD1-ABF9-57B263AF0F0B}.Release|Any CPU.Build.0 = Release|Any CPU
		{BC69D871-EA79-4FD1-ABF9-57B263AF0F0B}.Release|x64.ActiveCfg = Release|x64
		{BC69D871-EA79-4FD1-ABF9-57B263AF0F0B}.Release|x64.Build.0 = Release|x64
	EndGlobalSection
	GlobalSection(SolutionProperties) = preSolution
		HideSolutionNode = FALSE
	EndGlobalSection
	GlobalSection(ExtensibilityGlobals) = postSolution
		SolutionGuid = {609A0AFA-9197-4C74-91CC-048A0CD24CEE}
	EndGlobalSection
EndGlobal
